
Microsoft Visual Studio Solution File, Format Version 12.00
# Visual Studio Version 16
VisualStudioVersion = 16.0.31205.134
MinimumVisualStudioVersion = 10.0.40219.1
Project("{8BC9CEB8-8B4A-11D0-8D11-00A0C91BC942}") = "Server", "ConsoleApplication1\ConsoleApplication1.vcxproj", "{75ED103C-7C8C-4996-B73C-A734DC564797}"
EndProject
Project("{8BC9CEB8-8B4A-11D0-8D11-00A0C91BC942}") = "Client", "ConsoleApplication2\ConsoleApplication2.vcxproj", "{993BB33A-0D10-4308-9A94-B54901382D95}"
EndProject
Global
	GlobalSection(SolutionConfigurationPlatforms) = preSolution
		Debug|x64 = Debug|x64
		Debug|x86 = Debug|x86
		Release|x64 = Release|x64
		Release|x86 = Release|x86
	EndGlobalSection
	GlobalSection(ProjectConfigurationPlatforms) = postSolution
		{75ED103C-7C8C-4996-B73C-A734DC564797}.Debug|x64.ActiveCfg = Debug|x64
		{75ED103C-7C8C-4996-B73C-A734DC564797}.Debug|x64.Build.0 = Debug|x64
		{75ED103C-7C8C-4996-B73C-A734DC564797}.Debug|x86.ActiveCfg = Debug|Win32
		{75ED103C-7C8C-4996-B73C-A734DC564797}.Debug|x86.Build.0 = Debug|Win32
		{75ED103C-7C8C-4996-B73C-A734DC564797}.Release|x64.ActiveCfg = Release|x64
		{75ED103C-7C8C-4996-B73C-A734DC564797}.Release|x64.Build.0 = Release|x64
		{75ED103C-7C8C-4996-B73C-A734DC564797}.Release|x86.ActiveCfg = Release|Win32
		{75ED103C-7C8C-4996-B73C-A734DC564797}.Release|x86.Build.0 = Release|Win32
		{993BB33A-0D10-4308-9A94-B54901382D95}.Debug|x64.ActiveCfg = Debug|x64
		{993BB33A-0D10-4308-9A94-B54901382D95}.Debug|x64.Build.0 = Debug|x64
		{993BB33A-0D10-4308-9A94-B54901382D95}.Debug|x86.ActiveCfg = Debug|Win32
		{993BB33A-0D10-4308-9A94-B54901382D95}.Debug|x86.Build.0 = Debug|Win32
		{993BB33A-0D10-4308-9A94-B54901382D95}.Release|x64.ActiveCfg = Release|x64
		{993BB33A-0D10-4308-9A94-B54901382D95}.Release|x64.Build.0 = Release|x64
		{993BB33A-0D10-4308-9A94-B54901382D95}.Release|x86.ActiveCfg = Release|Win32
		{993BB33A-0D10-4308-9A94-B54901382D95}.Release|x86.Build.0 = Release|Win32
	EndGlobalSection
	GlobalSection(SolutionProperties) = preSolution
		HideSolutionNode = FALSE
	EndGlobalSection
	GlobalSection(ExtensibilityGlobals) = postSolution
		SolutionGuid = {9D797B1E-C9C9-48A1-A0E0-62A8D1AF76B3}
	EndGlobalSection
EndGlobal
